
Microsoft Visual Studio Solution File, Format Version 12.00
# Visual Studio Version 17
VisualStudioVersion = 17.11.35312.102
MinimumVisualStudioVersion = 10.0.40219.1
Project("{9A19103F-16F7-4668-BE54-9A1E7A4F7556}") = "NorthWind.Entities", "NorthWind.Entities\NorthWind.Entities.csproj", "{0CFBBCA2-FB6A-478D-A646-79DD91A4D0F3}"
EndProject
Project("{FAE04EC0-301F-11D3-BF4B-00C04F79EFBC}") = "NorthWind.ConsoleApp", "NorthWind.ConsoleApp\NorthWind.ConsoleApp.csproj", "{192AB81C-2301-4F0F-A60B-D14CFA70E1E2}"
EndProject
Global
	GlobalSection(SolutionConfigurationPlatforms) = preSolution
		Debug|Any CPU = Debug|Any CPU
		Release|Any CPU = Release|Any CPU
	EndGlobalSection
	GlobalSection(ProjectConfigurationPlatforms) = postSolution
		{0CFBBCA2-FB6A-478D-A646-79DD91A4D0F3}.Debug|Any CPU.ActiveCfg = Debug|Any CPU
		{0CFBBCA2-FB6A-478D-A646-79DD91A4D0F3}.Debug|Any CPU.Build.0 = Debug|Any CPU
		{0CFBBCA2-FB6A-478D-A646-79DD91A4D0F3}.Release|Any CPU.ActiveCfg = Release|Any CPU
		{0CFBBCA2-FB6A-478D-A646-79DD91A4D0F3}.Release|Any CPU.Build.0 = Release|Any CPU
		{192AB81C-2301-4F0F-A60B-D14CFA70E1E2}.Debug|Any CPU.ActiveCfg = Debug|Any CPU
		{192AB81C-2301-4F0F-A60B-D14CFA70E1E2}.Debug|Any CPU.Build.0 = Debug|Any CPU
		{192AB81C-2301-4F0F-A60B-D14CFA70E1E2}.Release|Any CPU.ActiveCfg = Release|Any CPU
		{192AB81C-2301-4F0F-A60B-D14CFA70E1E2}.Release|Any CPU.Build.0 = Release|Any CPU
	EndGlobalSection
	GlobalSection(SolutionProperties) = preSolution
		HideSolutionNode = FALSE
	EndGlobalSection
	GlobalSection(ExtensibilityGlobals) = postSolution
		SolutionGuid = {8B506972-DBED-46ED-86A0-965E51B00F94}
	EndGlobalSection
EndGlobal
